{
  "socketPath": "/tmp/mcp-9sOyid/mcp.sock",
  "scheme": "unix",
  "headers": {
    "Authorization": "Nonce 2e67b774-f9eb-47c7-a17b-d4cb56f94049"
  },
  "pid": 50198,
  "ideName": "Visual Studio Code",
  "timestamp": 1776746618536,
  "workspaceFolders": [
    "/home/iot18/qt-project"
  ],
  "isTrusted": true
}