{
  "socketPath": "/tmp/mcp-AHfxDE/mcp.sock",
  "scheme": "unix",
  "headers": {
    "Authorization": "Nonce cd656c37-be80-4b0a-95bd-ea8d5258a023"
  },
  "pid": 1357,
  "ideName": "Visual Studio Code",
  "timestamp": 1776731742354,
  "workspaceFolders": [
    "/home/iot18/stm-project/stm32f411-cli"
  ],
  "isTrusted": true
}